<?xml version="1.0" encoding="utf-8"?>
<Project ToolsVersion="4.0" xmlns="http://schemas.microsoft.com/developer/msbuild/2003">
  <ItemGroup>
    <ClCompile Include="src\audio_player.cpp" />
    <ClCompile Include="src\audio_util.cpp" />
    <ClCompile Include="src\ebur128replaygain_scanner.cpp" />
    <ClCompile Include="src\api.cpp" />
  </ItemGroup>
  <ItemGroup>
    <ClInclude Include="include\player\audio_player.h" />
    <ClInclude Include="include\player\iplaybackstateadapter.h" />
    <ClInclude Include="include\player\player.h" />
    <ClInclude Include="include\player\playstate.h" />
    <ClInclude Include="include\player\ebur128replaygain_scanner.h" />
    <ClInclude Include="src\libebur128\sys_queue.h" />
    <ClInclude Include="include\player\iaudioplayer.h" />
    <ClInclude Include="include\player\api.h" />
  </ItemGroup>
</Project>