<?xml version="1.0" encoding="utf-8"?>
<Project ToolsVersion="4.0" xmlns="http://schemas.microsoft.com/developer/msbuild/2003">
  <ItemGroup>
    <ClCompile Include="src\audio_player.cpp" />
    <ClCompile Include="src\chromaprint.cpp" />
    <ClCompile Include="src\chromaprinthelper.cpp" />
    <ClCompile Include="src\soxresampler.cpp" />
  </ItemGroup>
  <ItemGroup>
    <ClInclude Include="include\player\audio_player.h" />
    <ClInclude Include="include\player\chromaprint.h" />
    <ClInclude Include="include\player\chromaprinthelper.h" />
    <ClInclude Include="include\player\playbackstateadapter.h" />
    <ClInclude Include="include\player\player.h" />
    <ClInclude Include="include\player\playstate.h" />
    <ClInclude Include="include\player\resampler.h" />
    <ClInclude Include="include\player\soxresampler.h" />
    <ClInclude Include="include\player\nullresampler.h" />
  </ItemGroup>
</Project>