
Microsoft Visual Studio Solution File, Format Version 12.00
# Visual Studio Version 16
VisualStudioVersion = 16.0.31613.86
MinimumVisualStudioVersion = 10.0.40219.1
Project("{8BC9CEB8-8B4A-11D0-8D11-00A0C91BC942}") = "sanitize", "sanitize.vcxproj", "{570FB916-44BE-4AD7-B37B-DE2EE441E8B3}"
EndProject
Global
	GlobalSection(SolutionConfigurationPlatforms) = preSolution
		Debug|x64 = Debug|x64
		Debug|x86 = Debug|x86
		Release|x64 = Release|x64
		Release|x86 = Release|x86
	EndGlobalSection
	GlobalSection(ProjectConfigurationPlatforms) = postSolution
		{570FB916-44BE-4AD7-B37B-DE2EE441E8B3}.Debug|x64.ActiveCfg = Debug|x64
		{570FB916-44BE-4AD7-B37B-DE2EE441E8B3}.Debug|x64.Build.0 = Debug|x64
		{570FB916-44BE-4AD7-B37B-DE2EE441E8B3}.Debug|x86.ActiveCfg = Debug|Win32
		{570FB916-44BE-4AD7-B37B-DE2EE441E8B3}.Debug|x86.Build.0 = Debug|Win32
		{570FB916-44BE-4AD7-B37B-DE2EE441E8B3}.Release|x64.ActiveCfg = Release|x64
		{570FB916-44BE-4AD7-B37B-DE2EE441E8B3}.Release|x64.Build.0 = Release|x64
		{570FB916-44BE-4AD7-B37B-DE2EE441E8B3}.Release|x86.ActiveCfg = Release|Win32
		{570FB916-44BE-4AD7-B37B-DE2EE441E8B3}.Release|x86.Build.0 = Release|Win32
	EndGlobalSection
	GlobalSection(SolutionProperties) = preSolution
		HideSolutionNode = FALSE
	EndGlobalSection
	GlobalSection(ExtensibilityGlobals) = postSolution
		SolutionGuid = {9742F0CA-5FD1-4E0B-98A3-BA34D74C4B77}
	EndGlobalSection
EndGlobal
