<?xml version="1.0" encoding="utf-8"?>
<Project ToolsVersion="4.0" xmlns="http://schemas.microsoft.com/developer/msbuild/2003">
  <ItemGroup>
    <ClCompile Include="src\audioformat.cpp" />
    <ClCompile Include="src\crashhandler.cpp" />
    <ClCompile Include="src\dataconverter.cpp" />
    <ClCompile Include="src\dll.cpp" />
    <ClCompile Include="src\dsd_utils.cpp" />
    <ClCompile Include="src\exception.cpp" />
    <ClCompile Include="src\fastconditionvariable.cpp" />
    <ClCompile Include="src\fastmutex.cpp" />
    <ClCompile Include="src\fs.cpp" />
    <ClCompile Include="src\ithreadpool.cpp" />
    <ClCompile Include="src\memory_mapped_file.cpp" />
    <ClCompile Include="src\shared_singleton.cpp" />
    <ClCompile Include="src\stl.cpp" />
    <ClCompile Include="src\uuid.cpp" />
    <ClCompile Include="src\logger_impl.cpp" />
    <ClCompile Include="src\memory.cpp" />
    <ClCompile Include="src\trackinfo.cpp" />
    <ClCompile Include="src\platform.cpp" />
    <ClCompile Include="src\rng.cpp" />
    <ClCompile Include="src\stacktrace.cpp" />
    <ClCompile Include="src\stopwatch.cpp" />
    <ClCompile Include="src\threadpoolexecutor.cpp" />
    <ClCompile Include="src\timer.cpp" />
    <ClCompile Include="src\str_utilts.cpp" />
    <ClCompile Include="src\vmmemlock.cpp" />
    <ClCompile Include="src\volume.cpp" />
    <ClCompile Include="src\waitabletimer.cpp" />
    <ClCompile Include="src\windows_handle.cpp" />
    <ClCompile Include="src\com_error_category.cpp" />
    <ClCompile Include="src\charset_detector.cpp" />
    <ClCompile Include="src\text_encoding.cpp" />
    <ClCompile Include="src\furigana.cpp" />
  </ItemGroup>
  <ItemGroup>
    <ClInclude Include="include\base\assert.h" />
    <ClInclude Include="include\base\blocking_queue.h" />
    <ClInclude Include="include\base\buffer.h" />
    <ClInclude Include="include\base\crashhandler.h" />
    <ClInclude Include="include\base\dsd_utils.h" />
    <ClInclude Include="include\base\enum.h" />
    <ClInclude Include="include\base\fastconditionvariable.h" />
    <ClInclude Include="include\base\fastmutex.h" />
    <ClInclude Include="include\base\fs.h" />
    <ClInclude Include="include\base\int24.h" />
    <ClInclude Include="include\base\logger_impl.h" />
    <ClInclude Include="include\base\object_pool.h" />
    <ClInclude Include="include\base\pimplptr.h" />
    <ClInclude Include="include\base\platfrom_handle.h" />
    <ClInclude Include="include\base\ithreadpoolexecutor.h" />
    <ClInclude Include="include\base\math.h" />
    <ClInclude Include="include\base\executor.h" />
    <ClInclude Include="include\base\sfc64.h" />
    <ClInclude Include="include\base\shared_singleton.h" />
    <ClInclude Include="include\base\scopeguard.h" />
    <ClInclude Include="include\base\singleton.h" />
    <ClInclude Include="include\base\stl.h" />
    <ClInclude Include="include\base\audiobuffer.h" />
    <ClInclude Include="include\base\audioformat.h" />
    <ClInclude Include="include\base\base.h" />
    <ClInclude Include="include\base\circularbuffer.h" />
    <ClInclude Include="include\base\dataconverter.h" />
    <ClInclude Include="include\base\dll.h" />
    <ClInclude Include="include\base\dsdsampleformat.h" />
    <ClInclude Include="include\base\exception.h" />
    <ClInclude Include="include\base\lrucache.h" />
    <ClInclude Include="include\base\platform.h" />
    <ClInclude Include="include\base\stacktrace.h" />
    <ClInclude Include="include\base\stopwatch.h" />
    <ClInclude Include="include\base\moveonly_function.h" />
    <ClInclude Include="include\base\task.h" />
    <ClInclude Include="include\base\threadpoolexecutor.h" />
    <ClInclude Include="include\base\uuidof.h" />
    <ClInclude Include="include\base\vmmemlock.h" />
    <ClInclude Include="include\base\memory_mapped_file.h" />
    <ClInclude Include="include\base\uuid.h" />
    <ClInclude Include="include\base\logger.h" />
    <ClInclude Include="include\base\memory.h" />
    <ClInclude Include="include\base\trackinfo.h" />
    <ClInclude Include="include\base\rng.h" />
    <ClInclude Include="include\base\timer.h" />
    <ClInclude Include="include\base\str_utilts.h" />
    <ClInclude Include="include\base\unique_handle.h" />
    <ClInclude Include="include\base\volume.h" />
    <ClInclude Include="include\base\waitabletimer.h" />
    <ClInclude Include="include\base\windows_handle.h" />
    <ClInclude Include="include\base\workstealingtaskqueue.h" />
    <ClInclude Include="include\base\algorithm.h" />
    <ClInclude Include="include\base\lazy_storage.h" />
    <ClInclude Include="include\base\port.h" />
    <ClInclude Include="include\base\com_error_category.h" />
    <ClInclude Include="include\base\charset_detector.h" />
    <ClInclude Include="include\base\text_encoding.h" />
    <ClInclude Include="include\base\furigana.h" />
  </ItemGroup>
</Project>